
Microsoft Visual Studio Solution File, Format Version 12.00
# Visual Studio Version 17
VisualStudioVersion = 17.2.32505.173
MinimumVisualStudioVersion = 10.0.40219.1
Project("{FAE04EC0-301F-11D3-BF4B-00C04F79EFBC}") = "CreateAndDrawImage", "CreateAndDrawImage\CreateAndDrawImage.csproj", "{27F0D550-5785-4950-9B36-55BD3F4BF515}"
EndProject
Global
	GlobalSection(SolutionConfigurationPlatforms) = preSolution
		Debug|Any CPU = Debug|Any CPU
		Release|Any CPU = Release|Any CPU
	EndGlobalSection
	GlobalSection(ProjectConfigurationPlatforms) = postSolution
		{27F0D550-5785-4950-9B36-55BD3F4BF515}.Debug|Any CPU.ActiveCfg = Debug|Any CPU
		{27F0D550-5785-4950-9B36-55BD3F4BF515}.Debug|Any CPU.Build.0 = Debug|Any CPU
		{27F0D550-5785-4950-9B36-55BD3F4BF515}.Release|Any CPU.ActiveCfg = Release|Any CPU
		{27F0D550-5785-4950-9B36-55BD3F4BF515}.Release|Any CPU.Build.0 = Release|Any CPU
	EndGlobalSection
	GlobalSection(SolutionProperties) = preSolution
		HideSolutionNode = FALSE
	EndGlobalSection
	GlobalSection(ExtensibilityGlobals) = postSolution
		SolutionGuid = {400705D4-4663-475D-802E-496F6FCBCB96}
	EndGlobalSection
EndGlobal
